
Microsoft Visual Studio Solution File, Format Version 12.00
# Visual Studio Version 16
VisualStudioVersion = 16.0.34407.143
MinimumVisualStudioVersion = 10.0.40219.1
Project("{8BC9CEB8-8B4A-11D0-8D11-00A0C91BC942}") = "Programming_Assignment5", "Programming_Assignment5.vcxproj", "{08B11954-4455-48D4-8465-C98196F21ACE}"
EndProject
Global
	GlobalSection(SolutionConfigurationPlatforms) = preSolution
		Debug|x64 = Debug|x64
		Debug|x86 = Debug|x86
		Release|x64 = Release|x64
		Release|x86 = Release|x86
	EndGlobalSection
	GlobalSection(ProjectConfigurationPlatforms) = postSolution
		{08B11954-4455-48D4-8465-C98196F21ACE}.Debug|x64.ActiveCfg = Debug|x64
		{08B11954-4455-48D4-8465-C98196F21ACE}.Debug|x64.Build.0 = Debug|x64
		{08B11954-4455-48D4-8465-C98196F21ACE}.Debug|x86.ActiveCfg = Debug|Win32
		{08B11954-4455-48D4-8465-C98196F21ACE}.Debug|x86.Build.0 = Debug|Win32
		{08B11954-4455-48D4-8465-C98196F21ACE}.Release|x64.ActiveCfg = Release|x64
		{08B11954-4455-48D4-8465-C98196F21ACE}.Release|x64.Build.0 = Release|x64
		{08B11954-4455-48D4-8465-C98196F21ACE}.Release|x86.ActiveCfg = Release|Win32
		{08B11954-4455-48D4-8465-C98196F21ACE}.Release|x86.Build.0 = Release|Win32
	EndGlobalSection
	GlobalSection(SolutionProperties) = preSolution
		HideSolutionNode = FALSE
	EndGlobalSection
	GlobalSection(ExtensibilityGlobals) = postSolution
		SolutionGuid = {D2C2A54D-E29F-4AE8-B9F9-D6FE378BE473}
	EndGlobalSection
EndGlobal
